
Microsoft Visual Studio Solution File, Format Version 12.00
# Visual Studio Version 17
VisualStudioVersion = 17.4.33122.133
MinimumVisualStudioVersion = 10.0.40219.1
Project("{FAE04EC0-301F-11D3-BF4B-00C04F79EFBC}") = "KanyeRest", "KanyeRest\KanyeRest.csproj", "{21DF03B5-DAD9-442B-8E37-C2192A07EDC6}"
EndProject
Global
	GlobalSection(SolutionConfigurationPlatforms) = preSolution
		Debug|Any CPU = Debug|Any CPU
		Release|Any CPU = Release|Any CPU
	EndGlobalSection
	GlobalSection(ProjectConfigurationPlatforms) = postSolution
		{21DF03B5-DAD9-442B-8E37-C2192A07EDC6}.Debug|Any CPU.ActiveCfg = Debug|Any CPU
		{21DF03B5-DAD9-442B-8E37-C2192A07EDC6}.Debug|Any CPU.Build.0 = Debug|Any CPU
		{21DF03B5-DAD9-442B-8E37-C2192A07EDC6}.Release|Any CPU.ActiveCfg = Release|Any CPU
		{21DF03B5-DAD9-442B-8E37-C2192A07EDC6}.Release|Any CPU.Build.0 = Release|Any CPU
	EndGlobalSection
	GlobalSection(SolutionProperties) = preSolution
		HideSolutionNode = FALSE
	EndGlobalSection
	GlobalSection(ExtensibilityGlobals) = postSolution
		SolutionGuid = {883D96D9-CCE3-480B-8C5C-0201428E9937}
	EndGlobalSection
EndGlobal
